
Microsoft Visual Studio Solution File, Format Version 12.00
# Visual Studio 2013
VisualStudioVersion = 12.0.30501.0
MinimumVisualStudioVersion = 10.0.40219.1
Project("{FAE04EC0-301F-11D3-BF4B-00C04F79EFBC}") = "List", "List\List.csproj", "{271AD90D-EF98-4424-BB72-78BE8AB88C25}"
EndProject
Global
	GlobalSection(SolutionConfigurationPlatforms) = preSolution
		Debug|Any CPU = Debug|Any CPU
		Release|Any CPU = Release|Any CPU
	EndGlobalSection
	GlobalSection(ProjectConfigurationPlatforms) = postSolution
		{271AD90D-EF98-4424-BB72-78BE8AB88C25}.Debug|Any CPU.ActiveCfg = Debug|Any CPU
		{271AD90D-EF98-4424-BB72-78BE8AB88C25}.Debug|Any CPU.Build.0 = Debug|Any CPU
		{271AD90D-EF98-4424-BB72-78BE8AB88C25}.Release|Any CPU.ActiveCfg = Release|Any CPU
		{271AD90D-EF98-4424-BB72-78BE8AB88C25}.Release|Any CPU.Build.0 = Release|Any CPU
	EndGlobalSection
	GlobalSection(SolutionProperties) = preSolution
		HideSolutionNode = FALSE
	EndGlobalSection
EndGlobal
